
Microsoft Visual Studio Solution File, Format Version 12.00
# Visual Studio 2015
Project("{FAE04EC0-301F-11D3-BF4B-00C04F79EFBC}") = "Ludum_Dare_2019.CSharp.Plugins", "Ludum_Dare_2019.CSharp.Plugins.csproj", "{19EDC3C6-2731-BDC9-E293-8D71CAB90E42}"
EndProject
Project("{FAE04EC0-301F-11D3-BF4B-00C04F79EFBC}") = "Ludum_Dare_2019.CSharp", "Ludum_Dare_2019.CSharp.csproj", "{68A62DA6-0EFD-A601-01F4-5C1F197130FD}"
EndProject
Project("{FAE04EC0-301F-11D3-BF4B-00C04F79EFBC}") = "Ludum_Dare_2019.CSharp.Editor", "Ludum_Dare_2019.CSharp.Editor.csproj", "{627C6931-937B-772D-CED7-75B0A5D9B300}"
EndProject
Global
	GlobalSection(SolutionConfigurationPlatforms) = preSolution
		Debug|Any CPU = Debug|Any CPU
		Release|Any CPU = Release|Any CPU
	EndGlobalSection
	GlobalSection(ProjectConfigurationPlatforms) = postSolution
		{19EDC3C6-2731-BDC9-E293-8D71CAB90E42}.Debug|Any CPU.ActiveCfg = Debug|Any CPU
		{19EDC3C6-2731-BDC9-E293-8D71CAB90E42}.Debug|Any CPU.Build.0 = Debug|Any CPU
		{19EDC3C6-2731-BDC9-E293-8D71CAB90E42}.Release|Any CPU.ActiveCfg = Release|Any CPU
		{19EDC3C6-2731-BDC9-E293-8D71CAB90E42}.Release|Any CPU.Build.0 = Release|Any CPU
		{68A62DA6-0EFD-A601-01F4-5C1F197130FD}.Debug|Any CPU.ActiveCfg = Debug|Any CPU
		{68A62DA6-0EFD-A601-01F4-5C1F197130FD}.Debug|Any CPU.Build.0 = Debug|Any CPU
		{68A62DA6-0EFD-A601-01F4-5C1F197130FD}.Release|Any CPU.ActiveCfg = Release|Any CPU
		{68A62DA6-0EFD-A601-01F4-5C1F197130FD}.Release|Any CPU.Build.0 = Release|Any CPU
		{627C6931-937B-772D-CED7-75B0A5D9B300}.Debug|Any CPU.ActiveCfg = Debug|Any CPU
		{627C6931-937B-772D-CED7-75B0A5D9B300}.Debug|Any CPU.Build.0 = Debug|Any CPU
		{627C6931-937B-772D-CED7-75B0A5D9B300}.Release|Any CPU.ActiveCfg = Release|Any CPU
		{627C6931-937B-772D-CED7-75B0A5D9B300}.Release|Any CPU.Build.0 = Release|Any CPU
	EndGlobalSection
	GlobalSection(SolutionProperties) = preSolution
		HideSolutionNode = FALSE
	EndGlobalSection
EndGlobal
