Microsoft Visual Studio Solution File, Format Version 11.00
# Visual Studio 2008

Project("{E82837FE-C9B1-8A6A-654A-C2E4C1DDEE9B}") = "Ludum_Dare_2019", "Assembly-CSharp-firstpass.csproj", "{6E8BB984-371F-E70F-72B2-9A32829E1C3F}"
EndProject
Project("{E82837FE-C9B1-8A6A-654A-C2E4C1DDEE9B}") = "Ludum_Dare_2019", "Assembly-CSharp.csproj", "{16230EA0-B5BD-665A-C93F-E519D3DE7F44}"
EndProject
Project("{E82837FE-C9B1-8A6A-654A-C2E4C1DDEE9B}") = "Ludum_Dare_2019", "Assembly-CSharp-Editor.csproj", "{BDBAB91F-3339-7ED7-2F06-C8D692EF833C}"
EndProject
Global
	GlobalSection(SolutionConfigurationPlatforms) = preSolution
		Debug|Any CPU = Debug|Any CPU
		Release|Any CPU = Release|Any CPU
	EndGlobalSection
	GlobalSection(ProjectConfigurationPlatforms) = postSolution
		{6E8BB984-371F-E70F-72B2-9A32829E1C3F}.Debug|Any CPU.ActiveCfg = Debug|Any CPU
		{6E8BB984-371F-E70F-72B2-9A32829E1C3F}.Debug|Any CPU.Build.0 = Debug|Any CPU
		{6E8BB984-371F-E70F-72B2-9A32829E1C3F}.Release|Any CPU.ActiveCfg = Release|Any CPU
		{6E8BB984-371F-E70F-72B2-9A32829E1C3F}.Release|Any CPU.Build.0 = Release|Any CPU
		{16230EA0-B5BD-665A-C93F-E519D3DE7F44}.Debug|Any CPU.ActiveCfg = Debug|Any CPU
		{16230EA0-B5BD-665A-C93F-E519D3DE7F44}.Debug|Any CPU.Build.0 = Debug|Any CPU
		{16230EA0-B5BD-665A-C93F-E519D3DE7F44}.Release|Any CPU.ActiveCfg = Release|Any CPU
		{16230EA0-B5BD-665A-C93F-E519D3DE7F44}.Release|Any CPU.Build.0 = Release|Any CPU
		{BDBAB91F-3339-7ED7-2F06-C8D692EF833C}.Debug|Any CPU.ActiveCfg = Debug|Any CPU
		{BDBAB91F-3339-7ED7-2F06-C8D692EF833C}.Debug|Any CPU.Build.0 = Debug|Any CPU
		{BDBAB91F-3339-7ED7-2F06-C8D692EF833C}.Release|Any CPU.ActiveCfg = Release|Any CPU
		{BDBAB91F-3339-7ED7-2F06-C8D692EF833C}.Release|Any CPU.Build.0 = Release|Any CPU
	EndGlobalSection
	GlobalSection(SolutionProperties) = preSolution
		HideSolutionNode = FALSE
	EndGlobalSection
	GlobalSection(MonoDevelopProperties) = preSolution
		StartupItem = Assembly-CSharp.csproj
	EndGlobalSection
EndGlobal
